{
   "name": "@shortscript/module",
   "version": "1.0.0",
   "lockfileVersion": 3,
   "requires": true,
   "packages": {
      "": {
         "name": "@shortscript/module",
         "version": "1.0.0",
         "license": "ISC",
         "engines": {
            "node": ">=10.12.0"
         }
      }
   }
}
